
Microsoft Visual Studio Solution File, Format Version 12.00
# Visual Studio Version 17
VisualStudioVersion = 17.1.32328.378
MinimumVisualStudioVersion = 10.0.40219.1
Project("{FAE04EC0-301F-11D3-BF4B-00C04F79EFBC}") = "firstTask", "firstTask\firstTask.csproj", "{CF64DE00-EEB2-4C1F-86A3-A1975A22ED7E}"
EndProject
Project("{FAE04EC0-301F-11D3-BF4B-00C04F79EFBC}") = "firstTaskTest", "firstTaskTest\firstTaskTest.csproj", "{1325604D-A302-4F19-818E-3B3F4FE68226}"
EndProject
Global
	GlobalSection(SolutionConfigurationPlatforms) = preSolution
		Debug|Any CPU = Debug|Any CPU
		Release|Any CPU = Release|Any CPU
	EndGlobalSection
	GlobalSection(ProjectConfigurationPlatforms) = postSolution
		{CF64DE00-EEB2-4C1F-86A3-A1975A22ED7E}.Debug|Any CPU.ActiveCfg = Debug|Any CPU
		{CF64DE00-EEB2-4C1F-86A3-A1975A22ED7E}.Debug|Any CPU.Build.0 = Debug|Any CPU
		{CF64DE00-EEB2-4C1F-86A3-A1975A22ED7E}.Release|Any CPU.ActiveCfg = Release|Any CPU
		{CF64DE00-EEB2-4C1F-86A3-A1975A22ED7E}.Release|Any CPU.Build.0 = Release|Any CPU
		{1325604D-A302-4F19-818E-3B3F4FE68226}.Debug|Any CPU.ActiveCfg = Debug|Any CPU
		{1325604D-A302-4F19-818E-3B3F4FE68226}.Debug|Any CPU.Build.0 = Debug|Any CPU
		{1325604D-A302-4F19-818E-3B3F4FE68226}.Release|Any CPU.ActiveCfg = Release|Any CPU
		{1325604D-A302-4F19-818E-3B3F4FE68226}.Release|Any CPU.Build.0 = Release|Any CPU
		{D1BAB714-D37F-4B8D-BD3F-2AC73B6A3E4A}.Debug|Any CPU.ActiveCfg = Debug|Any CPU
		{D1BAB714-D37F-4B8D-BD3F-2AC73B6A3E4A}.Debug|Any CPU.Build.0 = Debug|Any CPU
		{D1BAB714-D37F-4B8D-BD3F-2AC73B6A3E4A}.Release|Any CPU.ActiveCfg = Release|Any CPU
		{D1BAB714-D37F-4B8D-BD3F-2AC73B6A3E4A}.Release|Any CPU.Build.0 = Release|Any CPU
		{531ECF93-C9BA-45EA-B009-03C899CCDF81}.Debug|Any CPU.ActiveCfg = Debug|Any CPU
		{531ECF93-C9BA-45EA-B009-03C899CCDF81}.Debug|Any CPU.Build.0 = Debug|Any CPU
		{531ECF93-C9BA-45EA-B009-03C899CCDF81}.Release|Any CPU.ActiveCfg = Release|Any CPU
		{531ECF93-C9BA-45EA-B009-03C899CCDF81}.Release|Any CPU.Build.0 = Release|Any CPU
	EndGlobalSection
	GlobalSection(SolutionProperties) = preSolution
		HideSolutionNode = FALSE
	EndGlobalSection
	GlobalSection(ExtensibilityGlobals) = postSolution
		SolutionGuid = {C0E70638-340D-45CC-82F4-A2936100C154}
	EndGlobalSection
EndGlobal
